
Microsoft Visual Studio Solution File, Format Version 12.00
# Visual Studio Version 16
VisualStudioVersion = 16.0.34729.46
MinimumVisualStudioVersion = 10.0.40219.1
Project("{FAE04EC0-301F-11D3-BF4B-00C04F79EFBC}") = "SuppliersManagement", "SuppliersManagement\SuppliersManagement.csproj", "{248C6AB3-6E66-4B6A-82E0-D05B7E28872F}"
EndProject
Global
	GlobalSection(SolutionConfigurationPlatforms) = preSolution
		Debug|Any CPU = Debug|Any CPU
		Release|Any CPU = Release|Any CPU
	EndGlobalSection
	GlobalSection(ProjectConfigurationPlatforms) = postSolution
		{248C6AB3-6E66-4B6A-82E0-D05B7E28872F}.Debug|Any CPU.ActiveCfg = Debug|Any CPU
		{248C6AB3-6E66-4B6A-82E0-D05B7E28872F}.Debug|Any CPU.Build.0 = Debug|Any CPU
		{248C6AB3-6E66-4B6A-82E0-D05B7E28872F}.Release|Any CPU.ActiveCfg = Release|Any CPU
		{248C6AB3-6E66-4B6A-82E0-D05B7E28872F}.Release|Any CPU.Build.0 = Release|Any CPU
	EndGlobalSection
	GlobalSection(SolutionProperties) = preSolution
		HideSolutionNode = FALSE
	EndGlobalSection
	GlobalSection(ExtensibilityGlobals) = postSolution
		SolutionGuid = {C1477622-6225-424C-A4F9-186C698903F6}
	EndGlobalSection
EndGlobal
